
Microsoft Visual Studio Solution File, Format Version 12.00
# Visual Studio 15
VisualStudioVersion = 15.0.27703.2042
MinimumVisualStudioVersion = 10.0.40219.1
Project("{9A19103F-16F7-4668-BE54-9A1E7A4F7556}") = "Hello", "Hello.csproj", "{5A335A99-1726-4581-995F-D3FFF71C7233}"
EndProject
Project("{D954291E-2A0B-460D-934E-DC6B0785DB48}") = "MagicOnion.Shared", "..\MagicOnion.Shared\MagicOnion.Shared.shproj", "{AA02DBAF-1964-4821-9B28-0CCC5A877206}"
EndProject
Global
	GlobalSection(SharedMSBuildProjectFiles) = preSolution
		..\MagicOnion.Shared\MagicOnion.Shared.projitems*{aa02dbaf-1964-4821-9b28-0ccc5a877206}*SharedItemsImports = 13
	EndGlobalSection
	GlobalSection(SolutionConfigurationPlatforms) = preSolution
		Debug|Any CPU = Debug|Any CPU
		Release|Any CPU = Release|Any CPU
	EndGlobalSection
	GlobalSection(ProjectConfigurationPlatforms) = postSolution
		{5A335A99-1726-4581-995F-D3FFF71C7233}.Debug|Any CPU.ActiveCfg = Debug|Any CPU
		{5A335A99-1726-4581-995F-D3FFF71C7233}.Debug|Any CPU.Build.0 = Debug|Any CPU
		{5A335A99-1726-4581-995F-D3FFF71C7233}.Release|Any CPU.ActiveCfg = Release|Any CPU
		{5A335A99-1726-4581-995F-D3FFF71C7233}.Release|Any CPU.Build.0 = Release|Any CPU
	EndGlobalSection
	GlobalSection(SolutionProperties) = preSolution
		HideSolutionNode = FALSE
	EndGlobalSection
	GlobalSection(ExtensibilityGlobals) = postSolution
		SolutionGuid = {BFE3A395-32D8-40A7-92B8-FC84C6CF31CF}
	EndGlobalSection
EndGlobal
